
Microsoft Visual Studio Solution File, Format Version 11.00
# Visual Studio 2010
Project("{F2A71F9B-5D33-465A-A702-920D77279786}") = "IronJS.REPL", "IronJS.REPL\IronJS.REPL.fsproj", "{0F78334F-EA74-4C5C-8232-B7D329BE2226}"
EndProject
Project("{F2A71F9B-5D33-465A-A702-920D77279786}") = "IronJS", "IronJS\IronJS.fsproj", "{9E257324-94E7-49AF-AE83-718288E925D8}"
EndProject
Global
	GlobalSection(SolutionConfigurationPlatforms) = preSolution
		Debug|Any CPU = Debug|Any CPU
		Debug|Mixed Platforms = Debug|Mixed Platforms
		Debug|x64 = Debug|x64
		Release|Any CPU = Release|Any CPU
		Release|Mixed Platforms = Release|Mixed Platforms
		Release|x64 = Release|x64
	EndGlobalSection
	GlobalSection(ProjectConfigurationPlatforms) = postSolution
		{0F78334F-EA74-4C5C-8232-B7D329BE2226}.Debug|Any CPU.ActiveCfg = Debug|x64
		{0F78334F-EA74-4C5C-8232-B7D329BE2226}.Debug|Mixed Platforms.ActiveCfg = Debug|x64
		{0F78334F-EA74-4C5C-8232-B7D329BE2226}.Debug|Mixed Platforms.Build.0 = Debug|x64
		{0F78334F-EA74-4C5C-8232-B7D329BE2226}.Debug|x64.ActiveCfg = Debug|x64
		{0F78334F-EA74-4C5C-8232-B7D329BE2226}.Debug|x64.Build.0 = Debug|x64
		{0F78334F-EA74-4C5C-8232-B7D329BE2226}.Release|Any CPU.ActiveCfg = Release|x64
		{0F78334F-EA74-4C5C-8232-B7D329BE2226}.Release|Mixed Platforms.ActiveCfg = Release|x64
		{0F78334F-EA74-4C5C-8232-B7D329BE2226}.Release|Mixed Platforms.Build.0 = Release|x64
		{0F78334F-EA74-4C5C-8232-B7D329BE2226}.Release|x64.ActiveCfg = Release|x64
		{0F78334F-EA74-4C5C-8232-B7D329BE2226}.Release|x64.Build.0 = Release|x64
		{9E257324-94E7-49AF-AE83-718288E925D8}.Debug|Any CPU.ActiveCfg = Debug|Any CPU
		{9E257324-94E7-49AF-AE83-718288E925D8}.Debug|Any CPU.Build.0 = Debug|Any CPU
		{9E257324-94E7-49AF-AE83-718288E925D8}.Debug|Mixed Platforms.ActiveCfg = Debug|x64
		{9E257324-94E7-49AF-AE83-718288E925D8}.Debug|Mixed Platforms.Build.0 = Debug|x64
		{9E257324-94E7-49AF-AE83-718288E925D8}.Debug|x64.ActiveCfg = Debug|x64
		{9E257324-94E7-49AF-AE83-718288E925D8}.Debug|x64.Build.0 = Debug|x64
		{9E257324-94E7-49AF-AE83-718288E925D8}.Release|Any CPU.ActiveCfg = Release|Any CPU
		{9E257324-94E7-49AF-AE83-718288E925D8}.Release|Any CPU.Build.0 = Release|Any CPU
		{9E257324-94E7-49AF-AE83-718288E925D8}.Release|Mixed Platforms.ActiveCfg = Release|x64
		{9E257324-94E7-49AF-AE83-718288E925D8}.Release|Mixed Platforms.Build.0 = Release|x64
		{9E257324-94E7-49AF-AE83-718288E925D8}.Release|x64.ActiveCfg = Release|x64
	EndGlobalSection
	GlobalSection(SolutionProperties) = preSolution
		HideSolutionNode = FALSE
	EndGlobalSection
EndGlobal
